
Microsoft Visual Studio Solution File, Format Version 12.00
# Visual Studio 2013
VisualStudioVersion = 12.0.21005.1
MinimumVisualStudioVersion = 10.0.40219.1
Project("{FAE04EC0-301F-11D3-BF4B-00C04F79EFBC}") = "Minesweeper.Domain", "Minesweeper.Domain\Minesweeper.Domain.csproj", "{A040B126-3114-4D43-908A-24025492C7A5}"
EndProject
Project("{FAE04EC0-301F-11D3-BF4B-00C04F79EFBC}") = "Minesweeper.Tests", "Minesweeper.Tests\Minesweeper.Tests.csproj", "{3707F6A7-A5D8-4053-A7E6-12A647334ED4}"
EndProject
Project("{FAE04EC0-301F-11D3-BF4B-00C04F79EFBC}") = "Minesweeper", "Minesweeper\Minesweeper.csproj", "{20C333A0-61CE-4642-8220-E38E1DCFFCAB}"
EndProject
Project("{FAE04EC0-301F-11D3-BF4B-00C04F79EFBC}") = "Minesweeper.Domain2", "Minesweeper.Domain2\Minesweeper.Domain2.csproj", "{CC7037CD-CF24-4758-AB92-EB14379D9864}"
EndProject
Project("{FAE04EC0-301F-11D3-BF4B-00C04F79EFBC}") = "Minesweeper.Web", "Minesweeper.Web\Minesweeper.Web.csproj", "{9AE42F09-212F-43E0-AEFF-F433FDE7396D}"
EndProject
Project("{FAE04EC0-301F-11D3-BF4B-00C04F79EFBC}") = "Minesweeper.Web.Tests", "Minesweeper.Web.Tests\Minesweeper.Web.Tests.csproj", "{764FC35B-AE5D-43AA-B2E2-A769AA1801EF}"
EndProject
Global
	GlobalSection(SolutionConfigurationPlatforms) = preSolution
		Debug|Any CPU = Debug|Any CPU
		Release|Any CPU = Release|Any CPU
	EndGlobalSection
	GlobalSection(ProjectConfigurationPlatforms) = postSolution
		{A040B126-3114-4D43-908A-24025492C7A5}.Debug|Any CPU.ActiveCfg = Debug|Any CPU
		{A040B126-3114-4D43-908A-24025492C7A5}.Debug|Any CPU.Build.0 = Debug|Any CPU
		{A040B126-3114-4D43-908A-24025492C7A5}.Release|Any CPU.ActiveCfg = Release|Any CPU
		{A040B126-3114-4D43-908A-24025492C7A5}.Release|Any CPU.Build.0 = Release|Any CPU
		{3707F6A7-A5D8-4053-A7E6-12A647334ED4}.Debug|Any CPU.ActiveCfg = Debug|Any CPU
		{3707F6A7-A5D8-4053-A7E6-12A647334ED4}.Debug|Any CPU.Build.0 = Debug|Any CPU
		{3707F6A7-A5D8-4053-A7E6-12A647334ED4}.Release|Any CPU.ActiveCfg = Release|Any CPU
		{3707F6A7-A5D8-4053-A7E6-12A647334ED4}.Release|Any CPU.Build.0 = Release|Any CPU
		{20C333A0-61CE-4642-8220-E38E1DCFFCAB}.Debug|Any CPU.ActiveCfg = Debug|Any CPU
		{20C333A0-61CE-4642-8220-E38E1DCFFCAB}.Debug|Any CPU.Build.0 = Debug|Any CPU
		{20C333A0-61CE-4642-8220-E38E1DCFFCAB}.Release|Any CPU.ActiveCfg = Release|Any CPU
		{20C333A0-61CE-4642-8220-E38E1DCFFCAB}.Release|Any CPU.Build.0 = Release|Any CPU
		{CC7037CD-CF24-4758-AB92-EB14379D9864}.Debug|Any CPU.ActiveCfg = Debug|Any CPU
		{CC7037CD-CF24-4758-AB92-EB14379D9864}.Debug|Any CPU.Build.0 = Debug|Any CPU
		{CC7037CD-CF24-4758-AB92-EB14379D9864}.Release|Any CPU.ActiveCfg = Release|Any CPU
		{CC7037CD-CF24-4758-AB92-EB14379D9864}.Release|Any CPU.Build.0 = Release|Any CPU
		{9AE42F09-212F-43E0-AEFF-F433FDE7396D}.Debug|Any CPU.ActiveCfg = Debug|Any CPU
		{9AE42F09-212F-43E0-AEFF-F433FDE7396D}.Debug|Any CPU.Build.0 = Debug|Any CPU
		{9AE42F09-212F-43E0-AEFF-F433FDE7396D}.Release|Any CPU.ActiveCfg = Release|Any CPU
		{9AE42F09-212F-43E0-AEFF-F433FDE7396D}.Release|Any CPU.Build.0 = Release|Any CPU
		{764FC35B-AE5D-43AA-B2E2-A769AA1801EF}.Debug|Any CPU.ActiveCfg = Debug|Any CPU
		{764FC35B-AE5D-43AA-B2E2-A769AA1801EF}.Debug|Any CPU.Build.0 = Debug|Any CPU
		{764FC35B-AE5D-43AA-B2E2-A769AA1801EF}.Release|Any CPU.ActiveCfg = Release|Any CPU
		{764FC35B-AE5D-43AA-B2E2-A769AA1801EF}.Release|Any CPU.Build.0 = Release|Any CPU
	EndGlobalSection
	GlobalSection(SolutionProperties) = preSolution
		HideSolutionNode = FALSE
	EndGlobalSection
EndGlobal
